// !$*UTF8*$!
{
	archiveVersion = 1;
	classes = {
	};
	objectVersion = 55;
	objects = {

/* Begin PBXBuildFile section */
		480D728C27A5060B0062CEBE /* MWAppLaunchTempVC.swift in Sources */ = {isa = PBXBuildFile; fileRef = 480D728A27A5060B0062CEBE /* MWAppLaunchTempVC.swift */; };
		480D728D27A5060B0062CEBE /* MWBasePrivacyProtoclVC.swift in Sources */ = {isa = PBXBuildFile; fileRef = 480D728B27A5060B0062CEBE /* MWBasePrivacyProtoclVC.swift */; };
		480D729027A508980062CEBE /* MWLocationManager.swift in Sources */ = {isa = PBXBuildFile; fileRef = 480D728F27A508980062CEBE /* MWLocationManager.swift */; };
		481F815727954CB800B2B36D /* AppDelegate.swift in Sources */ = {isa = PBXBuildFile; fileRef = 481F815627954CB800B2B36D /* AppDelegate.swift */; };
		481F815927954CB800B2B36D /* SceneDelegate.swift in Sources */ = {isa = PBXBuildFile; fileRef = 481F815827954CB800B2B36D /* SceneDelegate.swift */; };
		481F815B27954CB800B2B36D /* ViewController.swift in Sources */ = {isa = PBXBuildFile; fileRef = 481F815A27954CB800B2B36D /* ViewController.swift */; };
		481F815E27954CB800B2B36D /* Main.storyboard in Resources */ = {isa = PBXBuildFile; fileRef = 481F815C27954CB800B2B36D /* Main.storyboard */; };
		481F816027954CBD00B2B36D /* Assets.xcassets in Resources */ = {isa = PBXBuildFile; fileRef = 481F815F27954CBD00B2B36D /* Assets.xcassets */; };
		481F816327954CBD00B2B36D /* LaunchScreen.storyboard in Resources */ = {isa = PBXBuildFile; fileRef = 481F816127954CBD00B2B36D /* LaunchScreen.storyboard */; };
		481F817A27954CEE00B2B36D /* UIViewController_Extensions.swift in Sources */ = {isa = PBXBuildFile; fileRef = 481F816C27954CEE00B2B36D /* UIViewController_Extensions.swift */; };
		481F817B27954CEE00B2B36D /* Data_Extension.swift in Sources */ = {isa = PBXBuildFile; fileRef = 481F816D27954CEE00B2B36D /* Data_Extension.swift */; };
		481F817C27954CEE00B2B36D /* UIFont_Extensions.swift in Sources */ = {isa = PBXBuildFile; fileRef = 481F816E27954CEE00B2B36D /* UIFont_Extensions.swift */; };
		481F817D27954CEE00B2B36D /* String_Extensions.swift in Sources */ = {isa = PBXBuildFile; fileRef = 481F816F27954CEE00B2B36D /* String_Extensions.swift */; };
		481F817F27954CEE00B2B36D /* UIColor_Extensions.swift in Sources */ = {isa = PBXBuildFile; fileRef = 481F817127954CEE00B2B36D /* UIColor_Extensions.swift */; };
		481F818027954CEE00B2B36D /* Date_Extensions.swift in Sources */ = {isa = PBXBuildFile; fileRef = 481F817227954CEE00B2B36D /* Date_Extensions.swift */; };
		481F818127954CEE00B2B36D /* ProjectConsts.swift in Sources */ = {isa = PBXBuildFile; fileRef = 481F817427954CEE00B2B36D /* ProjectConsts.swift */; };
		481F818227954CEE00B2B36D /* MWNavigationController.swift in Sources */ = {isa = PBXBuildFile; fileRef = 481F817627954CEE00B2B36D /* MWNavigationController.swift */; };
		481F818327954CEE00B2B36D /* MWBaseViewController.swift in Sources */ = {isa = PBXBuildFile; fileRef = 481F817727954CEE00B2B36D /* MWBaseViewController.swift */; };
		481F818427954CEE00B2B36D /* PrivacyAlertViewModule.swift in Sources */ = {isa = PBXBuildFile; fileRef = 481F817827954CEE00B2B36D /* PrivacyAlertViewModule.swift */; };
		481F818527954CEE00B2B36D /* PrivacyAlertView.swift in Sources */ = {isa = PBXBuildFile; fileRef = 481F817927954CEE00B2B36D /* PrivacyAlertView.swift */; };
		48C7D97F28334FD900811C4B /* UIView_Extensions.swift in Sources */ = {isa = PBXBuildFile; fileRef = 48C7D97E28334FD900811C4B /* UIView_Extensions.swift */; };
		48C7D98128334FE400811C4B /* UIDevice_Extensions.swift in Sources */ = {isa = PBXBuildFile; fileRef = 48C7D98028334FE400811C4B /* UIDevice_Extensions.swift */; };
		48C7D9832833502200811C4B /* UIButton_Extensions.swift in Sources */ = {isa = PBXBuildFile; fileRef = 48C7D9822833502200811C4B /* UIButton_Extensions.swift */; };
		E3664B6219E962E39FF1CB23 /* Pods_CommonSwiftExtension.framework in Frameworks */ = {isa = PBXBuildFile; fileRef = 7E5BF9DE6E53578AD0BF5EA0 /* Pods_CommonSwiftExtension.framework */; };
/* End PBXBuildFile section */

/* Begin PBXFileReference section */
		32ECF12B2FE7324ABDD5E798 /* Pods-CommonSwiftExtension.release.xcconfig */ = {isa = PBXFileReference; includeInIndex = 1; lastKnownFileType = text.xcconfig; name = "Pods-CommonSwiftExtension.release.xcconfig"; path = "Target Support Files/Pods-CommonSwiftExtension/Pods-CommonSwiftExtension.release.xcconfig"; sourceTree = "<group>"; };
		480D728A27A5060B0062CEBE /* MWAppLaunchTempVC.swift */ = {isa = PBXFileReference; fileEncoding = 4; lastKnownFileType = sourcecode.swift; path = MWAppLaunchTempVC.swift; sourceTree = "<group>"; };
		480D728B27A5060B0062CEBE /* MWBasePrivacyProtoclVC.swift */ = {isa = PBXFileReference; fileEncoding = 4; lastKnownFileType = sourcecode.swift; path = MWBasePrivacyProtoclVC.swift; sourceTree = "<group>"; };
		480D728F27A508980062CEBE /* MWLocationManager.swift */ = {isa = PBXFileReference; fileEncoding = 4; lastKnownFileType = sourcecode.swift; path = MWLocationManager.swift; sourceTree = "<group>"; };
		481F815327954CB800B2B36D /* CommonSwiftExtension.app */ = {isa = PBXFileReference; explicitFileType = wrapper.application; includeInIndex = 0; path = CommonSwiftExtension.app; sourceTree = BUILT_PRODUCTS_DIR; };
		481F815627954CB800B2B36D /* AppDelegate.swift */ = {isa = PBXFileReference; lastKnownFileType = sourcecode.swift; path = AppDelegate.swift; sourceTree = "<group>"; };
		481F815827954CB800B2B36D /* SceneDelegate.swift */ = {isa = PBXFileReference; lastKnownFileType = sourcecode.swift; path = SceneDelegate.swift; sourceTree = "<group>"; };
		481F815A27954CB800B2B36D /* ViewController.swift */ = {isa = PBXFileReference; lastKnownFileType = sourcecode.swift; path = ViewController.swift; sourceTree = "<group>"; };
		481F815D27954CB800B2B36D /* Base */ = {isa = PBXFileReference; lastKnownFileType = file.storyboard; name = Base; path = Base.lproj/Main.storyboard; sourceTree = "<group>"; };
		481F815F27954CBD00B2B36D /* Assets.xcassets */ = {isa = PBXFileReference; lastKnownFileType = folder.assetcatalog; path = Assets.xcassets; sourceTree = "<group>"; };
		481F816227954CBD00B2B36D /* Base */ = {isa = PBXFileReference; lastKnownFileType = file.storyboard; name = Base; path = Base.lproj/LaunchScreen.storyboard; sourceTree = "<group>"; };
		481F816427954CBD00B2B36D /* Info.plist */ = {isa = PBXFileReference; lastKnownFileType = text.plist.xml; path = Info.plist; sourceTree = "<group>"; };
		481F816C27954CEE00B2B36D /* UIViewController_Extensions.swift */ = {isa = PBXFileReference; fileEncoding = 4; lastKnownFileType = sourcecode.swift; path = UIViewController_Extensions.swift; sourceTree = "<group>"; };
		481F816D27954CEE00B2B36D /* Data_Extension.swift */ = {isa = PBXFileReference; fileEncoding = 4; lastKnownFileType = sourcecode.swift; path = Data_Extension.swift; sourceTree = "<group>"; };
		481F816E27954CEE00B2B36D /* UIFont_Extensions.swift */ = {isa = PBXFileReference; fileEncoding = 4; lastKnownFileType = sourcecode.swift; path = UIFont_Extensions.swift; sourceTree = "<group>"; };
		481F816F27954CEE00B2B36D /* String_Extensions.swift */ = {isa = PBXFileReference; fileEncoding = 4; lastKnownFileType = sourcecode.swift; path = String_Extensions.swift; sourceTree = "<group>"; };
		481F817127954CEE00B2B36D /* UIColor_Extensions.swift */ = {isa = PBXFileReference; fileEncoding = 4; lastKnownFileType = sourcecode.swift; path = UIColor_Extensions.swift; sourceTree = "<group>"; };
		481F817227954CEE00B2B36D /* Date_Extensions.swift */ = {isa = PBXFileReference; fileEncoding = 4; lastKnownFileType = sourcecode.swift; path = Date_Extensions.swift; sourceTree = "<group>"; };
		481F817427954CEE00B2B36D /* ProjectConsts.swift */ = {isa = PBXFileReference; fileEncoding = 4; lastKnownFileType = sourcecode.swift; path = ProjectConsts.swift; sourceTree = "<group>"; };
		481F817627954CEE00B2B36D /* MWNavigationController.swift */ = {isa = PBXFileReference; fileEncoding = 4; lastKnownFileType = sourcecode.swift; path = MWNavigationController.swift; sourceTree = "<group>"; };
		481F817727954CEE00B2B36D /* MWBaseViewController.swift */ = {isa = PBXFileReference; fileEncoding = 4; lastKnownFileType = sourcecode.swift; path = MWBaseViewController.swift; sourceTree = "<group>"; };
		481F817827954CEE00B2B36D /* PrivacyAlertViewModule.swift */ = {isa = PBXFileReference; fileEncoding = 4; lastKnownFileType = sourcecode.swift; path = PrivacyAlertViewModule.swift; sourceTree = "<group>"; };
		481F817927954CEE00B2B36D /* PrivacyAlertView.swift */ = {isa = PBXFileReference; fileEncoding = 4; lastKnownFileType = sourcecode.swift; path = PrivacyAlertView.swift; sourceTree = "<group>"; };
		48C7D97E28334FD900811C4B /* UIView_Extensions.swift */ = {isa = PBXFileReference; lastKnownFileType = sourcecode.swift; path = UIView_Extensions.swift; sourceTree = "<group>"; };
		48C7D98028334FE400811C4B /* UIDevice_Extensions.swift */ = {isa = PBXFileReference; lastKnownFileType = sourcecode.swift; path = UIDevice_Extensions.swift; sourceTree = "<group>"; };
		48C7D9822833502200811C4B /* UIButton_Extensions.swift */ = {isa = PBXFileReference; lastKnownFileType = sourcecode.swift; path = UIButton_Extensions.swift; sourceTree = "<group>"; };
		7E5BF9DE6E53578AD0BF5EA0 /* Pods_CommonSwiftExtension.framework */ = {isa = PBXFileReference; explicitFileType = wrapper.framework; includeInIndex = 0; path = Pods_CommonSwiftExtension.framework; sourceTree = BUILT_PRODUCTS_DIR; };
		85EE1D6C6C46B47CB71B263F /* Pods-CommonSwiftExtension.debug.xcconfig */ = {isa = PBXFileReference; includeInIndex = 1; lastKnownFileType = text.xcconfig; name = "Pods-CommonSwiftExtension.debug.xcconfig"; path = "Target Support Files/Pods-CommonSwiftExtension/Pods-CommonSwiftExtension.debug.xcconfig"; sourceTree = "<group>"; };
/* End PBXFileReference section */

/* Begin PBXFrameworksBuildPhase section */
		481F815027954CB800B2B36D /* Frameworks */ = {
			isa = PBXFrameworksBuildPhase;
			buildActionMask = 2147483647;
			files = (
				E3664B6219E962E39FF1CB23 /* Pods_CommonSwiftExtension.framework in Frameworks */,
			);
			runOnlyForDeploymentPostprocessing = 0;
		};
/* End PBXFrameworksBuildPhase section */

/* Begin PBXGroup section */
		1B2C2394E3B398A964437289 /* Frameworks */ = {
			isa = PBXGroup;
			children = (
				7E5BF9DE6E53578AD0BF5EA0 /* Pods_CommonSwiftExtension.framework */,
			);
			name = Frameworks;
			sourceTree = "<group>";
		};
		480D728E27A508980062CEBE /* Location */ = {
			isa = PBXGroup;
			children = (
				480D728F27A508980062CEBE /* MWLocationManager.swift */,
			);
			path = Location;
			sourceTree = "<group>";
		};
		481F814A27954CB800B2B36D = {
			isa = PBXGroup;
			children = (
				481F815527954CB800B2B36D /* CommonSwiftExtension */,
				481F815427954CB800B2B36D /* Products */,
				C1DCC247449C299C34D23CCD /* Pods */,
				1B2C2394E3B398A964437289 /* Frameworks */,
			);
			sourceTree = "<group>";
		};
		481F815427954CB800B2B36D /* Products */ = {
			isa = PBXGroup;
			children = (
				481F815327954CB800B2B36D /* CommonSwiftExtension.app */,
			);
			name = Products;
			sourceTree = "<group>";
		};
		481F815527954CB800B2B36D /* CommonSwiftExtension */ = {
			isa = PBXGroup;
			children = (
				480D728E27A508980062CEBE /* Location */,
				481F817527954CEE00B2B36D /* Base */,
				481F816A27954CEE00B2B36D /* Common */,
				481F815627954CB800B2B36D /* AppDelegate.swift */,
				481F815827954CB800B2B36D /* SceneDelegate.swift */,
				481F815A27954CB800B2B36D /* ViewController.swift */,
				481F815C27954CB800B2B36D /* Main.storyboard */,
				481F815F27954CBD00B2B36D /* Assets.xcassets */,
				481F816127954CBD00B2B36D /* LaunchScreen.storyboard */,
				481F816427954CBD00B2B36D /* Info.plist */,
			);
			path = CommonSwiftExtension;
			sourceTree = "<group>";
		};
		481F816A27954CEE00B2B36D /* Common */ = {
			isa = PBXGroup;
			children = (
				481F816B27954CEE00B2B36D /* Extension */,
				481F817327954CEE00B2B36D /* Const */,
			);
			path = Common;
			sourceTree = "<group>";
		};
		481F816B27954CEE00B2B36D /* Extension */ = {
			isa = PBXGroup;
			children = (
				48C7D9852833504800811C4B /* Foundation */,
				48C7D9842833503A00811C4B /* UIKit */,
			);
			path = Extension;
			sourceTree = "<group>";
		};
		481F817327954CEE00B2B36D /* Const */ = {
			isa = PBXGroup;
			children = (
				481F817427954CEE00B2B36D /* ProjectConsts.swift */,
			);
			path = Const;
			sourceTree = "<group>";
		};
		481F817527954CEE00B2B36D /* Base */ = {
			isa = PBXGroup;
			children = (
				480D728A27A5060B0062CEBE /* MWAppLaunchTempVC.swift */,
				480D728B27A5060B0062CEBE /* MWBasePrivacyProtoclVC.swift */,
				481F817627954CEE00B2B36D /* MWNavigationController.swift */,
				481F817727954CEE00B2B36D /* MWBaseViewController.swift */,
				481F817827954CEE00B2B36D /* PrivacyAlertViewModule.swift */,
				481F817927954CEE00B2B36D /* PrivacyAlertView.swift */,
			);
			path = Base;
			sourceTree = "<group>";
		};
		48C7D9842833503A00811C4B /* UIKit */ = {
			isa = PBXGroup;
			children = (
				481F816C27954CEE00B2B36D /* UIViewController_Extensions.swift */,
				481F816E27954CEE00B2B36D /* UIFont_Extensions.swift */,
				481F817127954CEE00B2B36D /* UIColor_Extensions.swift */,
				48C7D97E28334FD900811C4B /* UIView_Extensions.swift */,
				48C7D98028334FE400811C4B /* UIDevice_Extensions.swift */,
				48C7D9822833502200811C4B /* UIButton_Extensions.swift */,
			);
			path = UIKit;
			sourceTree = "<group>";
		};
		48C7D9852833504800811C4B /* Foundation */ = {
			isa = PBXGroup;
			children = (
				481F816D27954CEE00B2B36D /* Data_Extension.swift */,
				481F816F27954CEE00B2B36D /* String_Extensions.swift */,
				481F817227954CEE00B2B36D /* Date_Extensions.swift */,
			);
			path = Foundation;
			sourceTree = "<group>";
		};
		C1DCC247449C299C34D23CCD /* Pods */ = {
			isa = PBXGroup;
			children = (
				85EE1D6C6C46B47CB71B263F /* Pods-CommonSwiftExtension.debug.xcconfig */,
				32ECF12B2FE7324ABDD5E798 /* Pods-CommonSwiftExtension.release.xcconfig */,
			);
			path = Pods;
			sourceTree = "<group>";
		};
/* End PBXGroup section */

/* Begin PBXNativeTarget section */
		481F815227954CB800B2B36D /* CommonSwiftExtension */ = {
			isa = PBXNativeTarget;
			buildConfigurationList = 481F816727954CBD00B2B36D /* Build configuration list for PBXNativeTarget "CommonSwiftExtension" */;
			buildPhases = (
				21A7D198F6C78FB28080C906 /* [CP] Check Pods Manifest.lock */,
				481F814F27954CB800B2B36D /* Sources */,
				481F815027954CB800B2B36D /* Frameworks */,
				481F815127954CB800B2B36D /* Resources */,
				DB923EC9DF6B9E83A2CEB9D8 /* [CP] Embed Pods Frameworks */,
			);
			buildRules = (
			);
			dependencies = (
			);
			name = CommonSwiftExtension;
			productName = CommonSwiftExtension;
			productReference = 481F815327954CB800B2B36D /* CommonSwiftExtension.app */;
			productType = "com.apple.product-type.application";
		};
/* End PBXNativeTarget section */

/* Begin PBXProject section */
		481F814B27954CB800B2B36D /* Project object */ = {
			isa = PBXProject;
			attributes = {
				BuildIndependentTargetsInParallel = 1;
				LastSwiftUpdateCheck = 1320;
				LastUpgradeCheck = 1320;
				TargetAttributes = {
					481F815227954CB800B2B36D = {
						CreatedOnToolsVersion = 13.2;
					};
				};
			};
			buildConfigurationList = 481F814E27954CB800B2B36D /* Build configuration list for PBXProject "CommonSwiftExtension" */;
			compatibilityVersion = "Xcode 13.0";
			developmentRegion = en;
			hasScannedForEncodings = 0;
			knownRegions = (
				en,
				Base,
			);
			mainGroup = 481F814A27954CB800B2B36D;
			productRefGroup = 481F815427954CB800B2B36D /* Products */;
			projectDirPath = "";
			projectRoot = "";
			targets = (
				481F815227954CB800B2B36D /* CommonSwiftExtension */,
			);
		};
/* End PBXProject section */

/* Begin PBXResourcesBuildPhase section */
		481F815127954CB800B2B36D /* Resources */ = {
			isa = PBXResourcesBuildPhase;
			buildActionMask = 2147483647;
			files = (
				481F816327954CBD00B2B36D /* LaunchScreen.storyboard in Resources */,
				481F816027954CBD00B2B36D /* Assets.xcassets in Resources */,
				481F815E27954CB800B2B36D /* Main.storyboard in Resources */,
			);
			runOnlyForDeploymentPostprocessing = 0;
		};
/* End PBXResourcesBuildPhase section */

/* Begin PBXShellScriptBuildPhase section */
		21A7D198F6C78FB28080C906 /* [CP] Check Pods Manifest.lock */ = {
			isa = PBXShellScriptBuildPhase;
			buildActionMask = 2147483647;
			files = (
			);
			inputFileListPaths = (
			);
			inputPaths = (
				"${PODS_PODFILE_DIR_PATH}/Podfile.lock",
				"${PODS_ROOT}/Manifest.lock",
			);
			name = "[CP] Check Pods Manifest.lock";
			outputFileListPaths = (
			);
			outputPaths = (
				"$(DERIVED_FILE_DIR)/Pods-CommonSwiftExtension-checkManifestLockResult.txt",
			);
			runOnlyForDeploymentPostprocessing = 0;
			shellPath = /bin/sh;
			shellScript = "diff \"${PODS_PODFILE_DIR_PATH}/Podfile.lock\" \"${PODS_ROOT}/Manifest.lock\" > /dev/null\nif [ $? != 0 ] ; then\n    # print error to STDERR\n    echo \"error: The sandbox is not in sync with the Podfile.lock. Run 'pod install' or update your CocoaPods installation.\" >&2\n    exit 1\nfi\n# This output is used by Xcode 'outputs' to avoid re-running this script phase.\necho \"SUCCESS\" > \"${SCRIPT_OUTPUT_FILE_0}\"\n";
			showEnvVarsInLog = 0;
		};
		DB923EC9DF6B9E83A2CEB9D8 /* [CP] Embed Pods Frameworks */ = {
			isa = PBXShellScriptBuildPhase;
			buildActionMask = 2147483647;
			files = (
			);
			inputFileListPaths = (
				"${PODS_ROOT}/Target Support Files/Pods-CommonSwiftExtension/Pods-CommonSwiftExtension-frameworks-${CONFIGURATION}-input-files.xcfilelist",
			);
			name = "[CP] Embed Pods Frameworks";
			outputFileListPaths = (
				"${PODS_ROOT}/Target Support Files/Pods-CommonSwiftExtension/Pods-CommonSwiftExtension-frameworks-${CONFIGURATION}-output-files.xcfilelist",
			);
			runOnlyForDeploymentPostprocessing = 0;
			shellPath = /bin/sh;
			shellScript = "\"${PODS_ROOT}/Target Support Files/Pods-CommonSwiftExtension/Pods-CommonSwiftExtension-frameworks.sh\"\n";
			showEnvVarsInLog = 0;
		};
/* End PBXShellScriptBuildPhase section */

/* Begin PBXSourcesBuildPhase section */
		481F814F27954CB800B2B36D /* Sources */ = {
			isa = PBXSourcesBuildPhase;
			buildActionMask = 2147483647;
			files = (
				480D729027A508980062CEBE /* MWLocationManager.swift in Sources */,
				48C7D98128334FE400811C4B /* UIDevice_Extensions.swift in Sources */,
				481F818427954CEE00B2B36D /* PrivacyAlertViewModule.swift in Sources */,
				480D728C27A5060B0062CEBE /* MWAppLaunchTempVC.swift in Sources */,
				481F817D27954CEE00B2B36D /* String_Extensions.swift in Sources */,
				481F817A27954CEE00B2B36D /* UIViewController_Extensions.swift in Sources */,
				481F815B27954CB800B2B36D /* ViewController.swift in Sources */,
				481F818227954CEE00B2B36D /* MWNavigationController.swift in Sources */,
				480D728D27A5060B0062CEBE /* MWBasePrivacyProtoclVC.swift in Sources */,
				481F818527954CEE00B2B36D /* PrivacyAlertView.swift in Sources */,
				481F817C27954CEE00B2B36D /* UIFont_Extensions.swift in Sources */,
				48C7D9832833502200811C4B /* UIButton_Extensions.swift in Sources */,
				481F815727954CB800B2B36D /* AppDelegate.swift in Sources */,
				481F818127954CEE00B2B36D /* ProjectConsts.swift in Sources */,
				481F815927954CB800B2B36D /* SceneDelegate.swift in Sources */,
				481F817B27954CEE00B2B36D /* Data_Extension.swift in Sources */,
				481F817F27954CEE00B2B36D /* UIColor_Extensions.swift in Sources */,
				481F818327954CEE00B2B36D /* MWBaseViewController.swift in Sources */,
				48C7D97F28334FD900811C4B /* UIView_Extensions.swift in Sources */,
				481F818027954CEE00B2B36D /* Date_Extensions.swift in Sources */,
			);
			runOnlyForDeploymentPostprocessing = 0;
		};
/* End PBXSourcesBuildPhase section */

/* Begin PBXVariantGroup section */
		481F815C27954CB800B2B36D /* Main.storyboard */ = {
			isa = PBXVariantGroup;
			children = (
				481F815D27954CB800B2B36D /* Base */,
			);
			name = Main.storyboard;
			sourceTree = "<group>";
		};
		481F816127954CBD00B2B36D /* LaunchScreen.storyboard */ = {
			isa = PBXVariantGroup;
			children = (
				481F816227954CBD00B2B36D /* Base */,
			);
			name = LaunchScreen.storyboard;
			sourceTree = "<group>";
		};
/* End PBXVariantGroup section */

/* Begin XCBuildConfiguration section */
		481F816527954CBD00B2B36D /* Debug */ = {
			isa = XCBuildConfiguration;
			buildSettings = {
				ALWAYS_SEARCH_USER_PATHS = NO;
				CLANG_ANALYZER_NONNULL = YES;
				CLANG_ANALYZER_NUMBER_OBJECT_CONVERSION = YES_AGGRESSIVE;
				CLANG_CXX_LANGUAGE_STANDARD = "gnu++17";
				CLANG_CXX_LIBRARY = "libc++";
				CLANG_ENABLE_MODULES = YES;
				CLANG_ENABLE_OBJC_ARC = YES;
				CLANG_ENABLE_OBJC_WEAK = YES;
				CLANG_WARN_BLOCK_CAPTURE_AUTORELEASING = YES;
				CLANG_WARN_BOOL_CONVERSION = YES;
				CLANG_WARN_COMMA = YES;
				CLANG_WARN_CONSTANT_CONVERSION = YES;
				CLANG_WARN_DEPRECATED_OBJC_IMPLEMENTATIONS = YES;
				CLANG_WARN_DIRECT_OBJC_ISA_USAGE = YES_ERROR;
				CLANG_WARN_DOCUMENTATION_COMMENTS = YES;
				CLANG_WARN_EMPTY_BODY = YES;
				CLANG_WARN_ENUM_CONVERSION = YES;
				CLANG_WARN_INFINITE_RECURSION = YES;
				CLANG_WARN_INT_CONVERSION = YES;
				CLANG_WARN_NON_LITERAL_NULL_CONVERSION = YES;
				CLANG_WARN_OBJC_IMPLICIT_RETAIN_SELF = YES;
				CLANG_WARN_OBJC_LITERAL_CONVERSION = YES;
				CLANG_WARN_OBJC_ROOT_CLASS = YES_ERROR;
				CLANG_WARN_QUOTED_INCLUDE_IN_FRAMEWORK_HEADER = YES;
				CLANG_WARN_RANGE_LOOP_ANALYSIS = YES;
				CLANG_WARN_STRICT_PROTOTYPES = YES;
				CLANG_WARN_SUSPICIOUS_MOVE = YES;
				CLANG_WARN_UNGUARDED_AVAILABILITY = YES_AGGRESSIVE;
				CLANG_WARN_UNREACHABLE_CODE = YES;
				CLANG_WARN__DUPLICATE_METHOD_MATCH = YES;
				COPY_PHASE_STRIP = NO;
				DEBUG_INFORMATION_FORMAT = dwarf;
				ENABLE_STRICT_OBJC_MSGSEND = YES;
				ENABLE_TESTABILITY = YES;
				GCC_C_LANGUAGE_STANDARD = gnu11;
				GCC_DYNAMIC_NO_PIC = NO;
				GCC_NO_COMMON_BLOCKS = YES;
				GCC_OPTIMIZATION_LEVEL = 0;
				GCC_PREPROCESSOR_DEFINITIONS = (
					"DEBUG=1",
					"$(inherited)",
				);
				GCC_WARN_64_TO_32_BIT_CONVERSION = YES;
				GCC_WARN_ABOUT_RETURN_TYPE = YES_ERROR;
				GCC_WARN_UNDECLARED_SELECTOR = YES;
				GCC_WARN_UNINITIALIZED_AUTOS = YES_AGGRESSIVE;
				GCC_WARN_UNUSED_FUNCTION = YES;
				GCC_WARN_UNUSED_VARIABLE = YES;
				IPHONEOS_DEPLOYMENT_TARGET = 15.2;
				MTL_ENABLE_DEBUG_INFO = INCLUDE_SOURCE;
				MTL_FAST_MATH = YES;
				ONLY_ACTIVE_ARCH = YES;
				SDKROOT = iphoneos;
				SWIFT_ACTIVE_COMPILATION_CONDITIONS = DEBUG;
				SWIFT_OPTIMIZATION_LEVEL = "-Onone";
			};
			name = Debug;
		};
		481F816627954CBD00B2B36D /* Release */ = {
			isa = XCBuildConfiguration;
			buildSettings = {
				ALWAYS_SEARCH_USER_PATHS = NO;
				CLANG_ANALYZER_NONNULL = YES;
				CLANG_ANALYZER_NUMBER_OBJECT_CONVERSION = YES_AGGRESSIVE;
				CLANG_CXX_LANGUAGE_STANDARD = "gnu++17";
				CLANG_CXX_LIBRARY = "libc++";
				CLANG_ENABLE_MODULES = YES;
				CLANG_ENABLE_OBJC_ARC = YES;
				CLANG_ENABLE_OBJC_WEAK = YES;
				CLANG_WARN_BLOCK_CAPTURE_AUTORELEASING = YES;
				CLANG_WARN_BOOL_CONVERSION = YES;
				CLANG_WARN_COMMA = YES;
				CLANG_WARN_CONSTANT_CONVERSION = YES;
				CLANG_WARN_DEPRECATED_OBJC_IMPLEMENTATIONS = YES;
				CLANG_WARN_DIRECT_OBJC_ISA_USAGE = YES_ERROR;
				CLANG_WARN_DOCUMENTATION_COMMENTS = YES;
				CLANG_WARN_EMPTY_BODY = YES;
				CLANG_WARN_ENUM_CONVERSION = YES;
				CLANG_WARN_INFINITE_RECURSION = YES;
				CLANG_WARN_INT_CONVERSION = YES;
				CLANG_WARN_NON_LITERAL_NULL_CONVERSION = YES;
				CLANG_WARN_OBJC_IMPLICIT_RETAIN_SELF = YES;
				CLANG_WARN_OBJC_LITERAL_CONVERSION = YES;
				CLANG_WARN_OBJC_ROOT_CLASS = YES_ERROR;
				CLANG_WARN_QUOTED_INCLUDE_IN_FRAMEWORK_HEADER = YES;
				CLANG_WARN_RANGE_LOOP_ANALYSIS = YES;
				CLANG_WARN_STRICT_PROTOTYPES = YES;
				CLANG_WARN_SUSPICIOUS_MOVE = YES;
				CLANG_WARN_UNGUARDED_AVAILABILITY = YES_AGGRESSIVE;
				CLANG_WARN_UNREACHABLE_CODE = YES;
				CLANG_WARN__DUPLICATE_METHOD_MATCH = YES;
				COPY_PHASE_STRIP = NO;
				DEBUG_INFORMATION_FORMAT = "dwarf-with-dsym";
				ENABLE_NS_ASSERTIONS = NO;
				ENABLE_STRICT_OBJC_MSGSEND = YES;
				GCC_C_LANGUAGE_STANDARD = gnu11;
				GCC_NO_COMMON_BLOCKS = YES;
				GCC_WARN_64_TO_32_BIT_CONVERSION = YES;
				GCC_WARN_ABOUT_RETURN_TYPE = YES_ERROR;
				GCC_WARN_UNDECLARED_SELECTOR = YES;
				GCC_WARN_UNINITIALIZED_AUTOS = YES_AGGRESSIVE;
				GCC_WARN_UNUSED_FUNCTION = YES;
				GCC_WARN_UNUSED_VARIABLE = YES;
				IPHONEOS_DEPLOYMENT_TARGET = 15.2;
				MTL_ENABLE_DEBUG_INFO = NO;
				MTL_FAST_MATH = YES;
				SDKROOT = iphoneos;
				SWIFT_COMPILATION_MODE = wholemodule;
				SWIFT_OPTIMIZATION_LEVEL = "-O";
				VALIDATE_PRODUCT = YES;
			};
			name = Release;
		};
		481F816827954CBD00B2B36D /* Debug */ = {
			isa = XCBuildConfiguration;
			baseConfigurationReference = 85EE1D6C6C46B47CB71B263F /* Pods-CommonSwiftExtension.debug.xcconfig */;
			buildSettings = {
				ASSETCATALOG_COMPILER_APPICON_NAME = AppIcon;
				ASSETCATALOG_COMPILER_GLOBAL_ACCENT_COLOR_NAME = AccentColor;
				CODE_SIGN_STYLE = Automatic;
				CURRENT_PROJECT_VERSION = 1;
				GENERATE_INFOPLIST_FILE = YES;
				INFOPLIST_FILE = CommonSwiftExtension/Info.plist;
				INFOPLIST_KEY_UIApplicationSupportsIndirectInputEvents = YES;
				INFOPLIST_KEY_UILaunchStoryboardName = LaunchScreen;
				INFOPLIST_KEY_UIMainStoryboardFile = Main;
				INFOPLIST_KEY_UISupportedInterfaceOrientations_iPad = "UIInterfaceOrientationPortrait UIInterfaceOrientationPortraitUpsideDown UIInterfaceOrientationLandscapeLeft UIInterfaceOrientationLandscapeRight";
				INFOPLIST_KEY_UISupportedInterfaceOrientations_iPhone = "UIInterfaceOrientationPortrait UIInterfaceOrientationLandscapeLeft UIInterfaceOrientationLandscapeRight";
				IPHONEOS_DEPLOYMENT_TARGET = 14.0;
				LD_RUNPATH_SEARCH_PATHS = (
					"$(inherited)",
					"@executable_path/Frameworks",
				);
				MARKETING_VERSION = 1.0;
				PRODUCT_BUNDLE_IDENTIFIER = com.morganwang.CommonSwiftExtension;
				PRODUCT_NAME = "$(TARGET_NAME)";
				SWIFT_EMIT_LOC_STRINGS = YES;
				SWIFT_VERSION = 5.0;
				TARGETED_DEVICE_FAMILY = "1,2";
			};
			name = Debug;
		};
		481F816927954CBD00B2B36D /* Release */ = {
			isa = XCBuildConfiguration;
			baseConfigurationReference = 32ECF12B2FE7324ABDD5E798 /* Pods-CommonSwiftExtension.release.xcconfig */;
			buildSettings = {
				ASSETCATALOG_COMPILER_APPICON_NAME = AppIcon;
				ASSETCATALOG_COMPILER_GLOBAL_ACCENT_COLOR_NAME = AccentColor;
				CODE_SIGN_STYLE = Automatic;
				CURRENT_PROJECT_VERSION = 1;
				GENERATE_INFOPLIST_FILE = YES;
				INFOPLIST_FILE = CommonSwiftExtension/Info.plist;
				INFOPLIST_KEY_UIApplicationSupportsIndirectInputEvents = YES;
				INFOPLIST_KEY_UILaunchStoryboardName = LaunchScreen;
				INFOPLIST_KEY_UIMainStoryboardFile = Main;
				INFOPLIST_KEY_UISupportedInterfaceOrientations_iPad = "UIInterfaceOrientationPortrait UIInterfaceOrientationPortraitUpsideDown UIInterfaceOrientationLandscapeLeft UIInterfaceOrientationLandscapeRight";
				INFOPLIST_KEY_UISupportedInterfaceOrientations_iPhone = "UIInterfaceOrientationPortrait UIInterfaceOrientationLandscapeLeft UIInterfaceOrientationLandscapeRight";
				IPHONEOS_DEPLOYMENT_TARGET = 14.0;
				LD_RUNPATH_SEARCH_PATHS = (
					"$(inherited)",
					"@executable_path/Frameworks",
				);
				MARKETING_VERSION = 1.0;
				PRODUCT_BUNDLE_IDENTIFIER = com.morganwang.CommonSwiftExtension;
				PRODUCT_NAME = "$(TARGET_NAME)";
				SWIFT_EMIT_LOC_STRINGS = YES;
				SWIFT_VERSION = 5.0;
				TARGETED_DEVICE_FAMILY = "1,2";
			};
			name = Release;
		};
/* End XCBuildConfiguration section */

/* Begin XCConfigurationList section */
		481F814E27954CB800B2B36D /* Build configuration list for PBXProject "CommonSwiftExtension" */ = {
			isa = XCConfigurationList;
			buildConfigurations = (
				481F816527954CBD00B2B36D /* Debug */,
				481F816627954CBD00B2B36D /* Release */,
			);
			defaultConfigurationIsVisible = 0;
			defaultConfigurationName = Release;
		};
		481F816727954CBD00B2B36D /* Build configuration list for PBXNativeTarget "CommonSwiftExtension" */ = {
			isa = XCConfigurationList;
			buildConfigurations = (
				481F816827954CBD00B2B36D /* Debug */,
				481F816927954CBD00B2B36D /* Release */,
			);
			defaultConfigurationIsVisible = 0;
			defaultConfigurationName = Release;
		};
/* End XCConfigurationList section */
	};
	rootObject = 481F814B27954CB800B2B36D /* Project object */;
}
